
Microsoft Visual Studio Solution File, Format Version 12.00
Project("{FAE04EC0-301F-11D3-BF4B-00C04F79EFBC}") = "Codificador", "Codificador\Codificador.csproj", "{FC9FDC5E-C135-40ED-90AA-979FA7698A49}"
EndProject
Project("{FAE04EC0-301F-11D3-BF4B-00C04F79EFBC}") = "Decodificador", "Decodificador\Decodificador.csproj", "{F9C4DAF5-FDFE-49F7-A543-A726022ACC45}"
EndProject
Global
	GlobalSection(SolutionConfigurationPlatforms) = preSolution
		Debug|Any CPU = Debug|Any CPU
		Release|Any CPU = Release|Any CPU
	EndGlobalSection
	GlobalSection(ProjectConfigurationPlatforms) = postSolution
		{FC9FDC5E-C135-40ED-90AA-979FA7698A49}.Debug|Any CPU.ActiveCfg = Debug|Any CPU
		{FC9FDC5E-C135-40ED-90AA-979FA7698A49}.Debug|Any CPU.Build.0 = Debug|Any CPU
		{FC9FDC5E-C135-40ED-90AA-979FA7698A49}.Release|Any CPU.ActiveCfg = Release|Any CPU
		{FC9FDC5E-C135-40ED-90AA-979FA7698A49}.Release|Any CPU.Build.0 = Release|Any CPU
		{F9C4DAF5-FDFE-49F7-A543-A726022ACC45}.Debug|Any CPU.ActiveCfg = Debug|Any CPU
		{F9C4DAF5-FDFE-49F7-A543-A726022ACC45}.Debug|Any CPU.Build.0 = Debug|Any CPU
		{F9C4DAF5-FDFE-49F7-A543-A726022ACC45}.Release|Any CPU.ActiveCfg = Release|Any CPU
		{F9C4DAF5-FDFE-49F7-A543-A726022ACC45}.Release|Any CPU.Build.0 = Release|Any CPU
	EndGlobalSection
EndGlobal
