
Microsoft Visual Studio Solution File, Format Version 12.00
Project("{FAE04EC0-301F-11D3-BF4B-00C04F79EFBC}") = "Redes-T1-Codificacao", "Redes-T1-Codificacao.csproj", "{AD2DD3E6-2075-4330-8C0B-37FBEA634902}"
EndProject
Global
	GlobalSection(SolutionConfigurationPlatforms) = preSolution
		Debug|Any CPU = Debug|Any CPU
		Release|Any CPU = Release|Any CPU
	EndGlobalSection
	GlobalSection(ProjectConfigurationPlatforms) = postSolution
		{AD2DD3E6-2075-4330-8C0B-37FBEA634902}.Debug|Any CPU.ActiveCfg = Debug|Any CPU
		{AD2DD3E6-2075-4330-8C0B-37FBEA634902}.Debug|Any CPU.Build.0 = Debug|Any CPU
		{AD2DD3E6-2075-4330-8C0B-37FBEA634902}.Release|Any CPU.ActiveCfg = Release|Any CPU
		{AD2DD3E6-2075-4330-8C0B-37FBEA634902}.Release|Any CPU.Build.0 = Release|Any CPU
	EndGlobalSection
EndGlobal
